
Microsoft Visual Studio Solution File, Format Version 12.00
# Visual Studio Version 16
VisualStudioVersion = 16.0.31424.327
MinimumVisualStudioVersion = 10.0.40219.1
Project("{FAE04EC0-301F-11D3-BF4B-00C04F79EFBC}") = "Epam_Task_2", "Epam_Task_2\Epam_Task_2.csproj", "{0AA73F1E-3F28-4EB6-8855-2BEAA568E5CD}"
EndProject
Project("{FAE04EC0-301F-11D3-BF4B-00C04F79EFBC}") = "Tests", "Tests\Tests.csproj", "{21552DC8-15CE-4775-9A99-8BD9AE14AEC5}"
EndProject
Global
	GlobalSection(SolutionConfigurationPlatforms) = preSolution
		Debug|Any CPU = Debug|Any CPU
		Release|Any CPU = Release|Any CPU
	EndGlobalSection
	GlobalSection(ProjectConfigurationPlatforms) = postSolution
		{0AA73F1E-3F28-4EB6-8855-2BEAA568E5CD}.Debug|Any CPU.ActiveCfg = Debug|Any CPU
		{0AA73F1E-3F28-4EB6-8855-2BEAA568E5CD}.Debug|Any CPU.Build.0 = Debug|Any CPU
		{0AA73F1E-3F28-4EB6-8855-2BEAA568E5CD}.Release|Any CPU.ActiveCfg = Release|Any CPU
		{0AA73F1E-3F28-4EB6-8855-2BEAA568E5CD}.Release|Any CPU.Build.0 = Release|Any CPU
		{21552DC8-15CE-4775-9A99-8BD9AE14AEC5}.Debug|Any CPU.ActiveCfg = Debug|Any CPU
		{21552DC8-15CE-4775-9A99-8BD9AE14AEC5}.Debug|Any CPU.Build.0 = Debug|Any CPU
		{21552DC8-15CE-4775-9A99-8BD9AE14AEC5}.Release|Any CPU.ActiveCfg = Release|Any CPU
		{21552DC8-15CE-4775-9A99-8BD9AE14AEC5}.Release|Any CPU.Build.0 = Release|Any CPU
	EndGlobalSection
	GlobalSection(SolutionProperties) = preSolution
		HideSolutionNode = FALSE
	EndGlobalSection
	GlobalSection(ExtensibilityGlobals) = postSolution
		SolutionGuid = {75FD0F1F-8A9E-4156-B120-A0C441AC8B94}
	EndGlobalSection
EndGlobal
